// !$*UTF8*$!
{
	archiveVersion = 1;
	classes = {
	};
	objectVersion = 46;
	objects = {

/* Begin PBXBuildFile section */
		84D55E8416E20AB500D11B6D /* UIKit.framework in Frameworks */ = {isa = PBXBuildFile; fileRef = 84D55E8316E20AB500D11B6D /* UIKit.framework */; };
		84D55E8616E20AB500D11B6D /* Foundation.framework in Frameworks */ = {isa = PBXBuildFile; fileRef = 84D55E8516E20AB500D11B6D /* Foundation.framework */; };
		84D55E8816E20AB500D11B6D /* CoreGraphics.framework in Frameworks */ = {isa = PBXBuildFile; fileRef = 84D55E8716E20AB500D11B6D /* CoreGraphics.framework */; };
		84D55E8E16E20AB500D11B6D /* InfoPlist.strings in Resources */ = {isa = PBXBuildFile; fileRef = 84D55E8C16E20AB500D11B6D /* InfoPlist.strings */; };
		84D55E9016E20AB500D11B6D /* main.m in Sources */ = {isa = PBXBuildFile; fileRef = 84D55E8F16E20AB500D11B6D /* main.m */; };
		84D55E9416E20AB500D11B6D /* AppDelegate.m in Sources */ = {isa = PBXBuildFile; fileRef = 84D55E9316E20AB500D11B6D /* AppDelegate.m */; };
		84D55E9716E20AB500D11B6D /* MainStoryboard.storyboard in Resources */ = {isa = PBXBuildFile; fileRef = 84D55E9516E20AB500D11B6D /* MainStoryboard.storyboard */; };
		84D55E9A16E20AB500D11B6D /* ViewController.m in Sources */ = {isa = PBXBuildFile; fileRef = 84D55E9916E20AB500D11B6D /* ViewController.m */; };
		84D55EA116E20C7F00D11B6D /* MapKit.framework in Frameworks */ = {isa = PBXBuildFile; fileRef = 84D55EA016E20C7F00D11B6D /* MapKit.framework */; };
/* End PBXBuildFile section */

/* Begin PBXFileReference section */
		84D55E7F16E20AB500D11B6D /* DayNineteen.app */ = {isa = PBXFileReference; explicitFileType = wrapper.application; includeInIndex = 0; path = DayNineteen.app; sourceTree = BUILT_PRODUCTS_DIR; };
		84D55E8316E20AB500D11B6D /* UIKit.framework */ = {isa = PBXFileReference; lastKnownFileType = wrapper.framework; name = UIKit.framework; path = System/Library/Frameworks/UIKit.framework; sourceTree = SDKROOT; };
		84D55E8516E20AB500D11B6D /* Foundation.framework */ = {isa = PBXFileReference; lastKnownFileType = wrapper.framework; name = Foundation.framework; path = System/Library/Frameworks/Foundation.framework; sourceTree = SDKROOT; };
		84D55E8716E20AB500D11B6D /* CoreGraphics.framework */ = {isa = PBXFileReference; lastKnownFileType = wrapper.framework; name = CoreGraphics.framework; path = System/Library/Frameworks/CoreGraphics.framework; sourceTree = SDKROOT; };
		84D55E8B16E20AB500D11B6D /* DayNineteen-Info.plist */ = {isa = PBXFileReference; lastKnownFileType = text.plist.xml; path = "DayNineteen-Info.plist"; sourceTree = "<group>"; };
		84D55E8D16E20AB500D11B6D /* en */ = {isa = PBXFileReference; lastKnownFileType = text.plist.strings; name = en; path = en.lproj/InfoPlist.strings; sourceTree = "<group>"; };
		84D55E8F16E20AB500D11B6D /* main.m */ = {isa = PBXFileReference; lastKnownFileType = sourcecode.c.objc; path = main.m; sourceTree = "<group>"; };
		84D55E9116E20AB500D11B6D /* DayNineteen-Prefix.pch */ = {isa = PBXFileReference; lastKnownFileType = sourcecode.c.h; path = "DayNineteen-Prefix.pch"; sourceTree = "<group>"; };
		84D55E9216E20AB500D11B6D /* AppDelegate.h */ = {isa = PBXFileReference; lastKnownFileType = sourcecode.c.h; path = AppDelegate.h; sourceTree = "<group>"; };
		84D55E9316E20AB500D11B6D /* AppDelegate.m */ = {isa = PBXFileReference; lastKnownFileType = sourcecode.c.objc; path = AppDelegate.m; sourceTree = "<group>"; };
		84D55E9616E20AB500D11B6D /* en */ = {isa = PBXFileReference; lastKnownFileType = file.storyboard; name = en; path = en.lproj/MainStoryboard.storyboard; sourceTree = "<group>"; };
		84D55E9816E20AB500D11B6D /* ViewController.h */ = {isa = PBXFileReference; lastKnownFileType = sourcecode.c.h; path = ViewController.h; sourceTree = "<group>"; };
		84D55E9916E20AB500D11B6D /* ViewController.m */ = {isa = PBXFileReference; lastKnownFileType = sourcecode.c.objc; path = ViewController.m; sourceTree = "<group>"; };
		84D55EA016E20C7F00D11B6D /* MapKit.framework */ = {isa = PBXFileReference; lastKnownFileType = wrapper.framework; name = MapKit.framework; path = System/Library/Frameworks/MapKit.framework; sourceTree = SDKROOT; };
/* End PBXFileReference section */

/* Begin PBXFrameworksBuildPhase section */
		84D55E7C16E20AB500D11B6D /* Frameworks */ = {
			isa = PBXFrameworksBuildPhase;
			buildActionMask = 2147483647;
			files = (
				84D55EA116E20C7F00D11B6D /* MapKit.framework in Frameworks */,
				84D55E8416E20AB500D11B6D /* UIKit.framework in Frameworks */,
				84D55E8616E20AB500D11B6D /* Foundation.framework in Frameworks */,
				84D55E8816E20AB500D11B6D /* CoreGraphics.framework in Frameworks */,
			);
			runOnlyForDeploymentPostprocessing = 0;
		};
/* End PBXFrameworksBuildPhase section */

/* Begin PBXGroup section */
		84D55E7416E20AB500D11B6D = {
			isa = PBXGroup;
			children = (
				84D55EA016E20C7F00D11B6D /* MapKit.framework */,
				84D55E8916E20AB500D11B6D /* DayNineteen */,
				84D55E8216E20AB500D11B6D /* Frameworks */,
				84D55E8016E20AB500D11B6D /* Products */,
			);
			sourceTree = "<group>";
		};
		84D55E8016E20AB500D11B6D /* Products */ = {
			isa = PBXGroup;
			children = (
				84D55E7F16E20AB500D11B6D /* DayNineteen.app */,
			);
			name = Products;
			sourceTree = "<group>";
		};
		84D55E8216E20AB500D11B6D /* Frameworks */ = {
			isa = PBXGroup;
			children = (
				84D55E8316E20AB500D11B6D /* UIKit.framework */,
				84D55E8516E20AB500D11B6D /* Foundation.framework */,
				84D55E8716E20AB500D11B6D /* CoreGraphics.framework */,
			);
			name = Frameworks;
			sourceTree = "<group>";
		};
		84D55E8916E20AB500D11B6D /* DayNineteen */ = {
			isa = PBXGroup;
			children = (
				84D55E9216E20AB500D11B6D /* AppDelegate.h */,
				84D55E9316E20AB500D11B6D /* AppDelegate.m */,
				84D55E9516E20AB500D11B6D /* MainStoryboard.storyboard */,
				84D55E9816E20AB500D11B6D /* ViewController.h */,
				84D55E9916E20AB500D11B6D /* ViewController.m */,
				84D55E8A16E20AB500D11B6D /* Supporting Files */,
			);
			path = DayNineteen;
			sourceTree = "<group>";
		};
		84D55E8A16E20AB500D11B6D /* Supporting Files */ = {
			isa = PBXGroup;
			children = (
				84D55E8B16E20AB500D11B6D /* DayNineteen-Info.plist */,
				84D55E8C16E20AB500D11B6D /* InfoPlist.strings */,
				84D55E8F16E20AB500D11B6D /* main.m */,
				84D55E9116E20AB500D11B6D /* DayNineteen-Prefix.pch */,
			);
			name = "Supporting Files";
			sourceTree = "<group>";
		};
/* End PBXGroup section */

/* Begin PBXNativeTarget section */
		84D55E7E16E20AB500D11B6D /* DayNineteen */ = {
			isa = PBXNativeTarget;
			buildConfigurationList = 84D55E9D16E20AB500D11B6D /* Build configuration list for PBXNativeTarget "DayNineteen" */;
			buildPhases = (
				84D55E7B16E20AB500D11B6D /* Sources */,
				84D55E7C16E20AB500D11B6D /* Frameworks */,
				84D55E7D16E20AB500D11B6D /* Resources */,
			);
			buildRules = (
			);
			dependencies = (
			);
			name = DayNineteen;
			productName = DayNineteen;
			productReference = 84D55E7F16E20AB500D11B6D /* DayNineteen.app */;
			productType = "com.apple.product-type.application";
		};
/* End PBXNativeTarget section */

/* Begin PBXProject section */
		84D55E7616E20AB500D11B6D /* Project object */ = {
			isa = PBXProject;
			attributes = {
				LastUpgradeCheck = 0430;
			};
			buildConfigurationList = 84D55E7916E20AB500D11B6D /* Build configuration list for PBXProject "DayNineteen" */;
			compatibilityVersion = "Xcode 3.2";
			developmentRegion = English;
			hasScannedForEncodings = 0;
			knownRegions = (
				en,
			);
			mainGroup = 84D55E7416E20AB500D11B6D;
			productRefGroup = 84D55E8016E20AB500D11B6D /* Products */;
			projectDirPath = "";
			projectRoot = "";
			targets = (
				84D55E7E16E20AB500D11B6D /* DayNineteen */,
			);
		};
/* End PBXProject section */

/* Begin PBXResourcesBuildPhase section */
		84D55E7D16E20AB500D11B6D /* Resources */ = {
			isa = PBXResourcesBuildPhase;
			buildActionMask = 2147483647;
			files = (
				84D55E8E16E20AB500D11B6D /* InfoPlist.strings in Resources */,
				84D55E9716E20AB500D11B6D /* MainStoryboard.storyboard in Resources */,
			);
			runOnlyForDeploymentPostprocessing = 0;
		};
/* End PBXResourcesBuildPhase section */

/* Begin PBXSourcesBuildPhase section */
		84D55E7B16E20AB500D11B6D /* Sources */ = {
			isa = PBXSourcesBuildPhase;
			buildActionMask = 2147483647;
			files = (
				84D55E9016E20AB500D11B6D /* main.m in Sources */,
				84D55E9416E20AB500D11B6D /* AppDelegate.m in Sources */,
				84D55E9A16E20AB500D11B6D /* ViewController.m in Sources */,
			);
			runOnlyForDeploymentPostprocessing = 0;
		};
/* End PBXSourcesBuildPhase section */

/* Begin PBXVariantGroup section */
		84D55E8C16E20AB500D11B6D /* InfoPlist.strings */ = {
			isa = PBXVariantGroup;
			children = (
				84D55E8D16E20AB500D11B6D /* en */,
			);
			name = InfoPlist.strings;
			sourceTree = "<group>";
		};
		84D55E9516E20AB500D11B6D /* MainStoryboard.storyboard */ = {
			isa = PBXVariantGroup;
			children = (
				84D55E9616E20AB500D11B6D /* en */,
			);
			name = MainStoryboard.storyboard;
			sourceTree = "<group>";
		};
/* End PBXVariantGroup section */

/* Begin XCBuildConfiguration section */
		84D55E9B16E20AB500D11B6D /* Debug */ = {
			isa = XCBuildConfiguration;
			buildSettings = {
				ALWAYS_SEARCH_USER_PATHS = NO;
				ARCHS = "$(ARCHS_STANDARD_32_BIT)";
				CLANG_ENABLE_OBJC_ARC = YES;
				"CODE_SIGN_IDENTITY[sdk=iphoneos*]" = "iPhone Developer";
				COPY_PHASE_STRIP = NO;
				GCC_C_LANGUAGE_STANDARD = gnu99;
				GCC_DYNAMIC_NO_PIC = NO;
				GCC_OPTIMIZATION_LEVEL = 0;
				GCC_PREPROCESSOR_DEFINITIONS = (
					"DEBUG=1",
					"$(inherited)",
				);
				GCC_SYMBOLS_PRIVATE_EXTERN = NO;
				GCC_VERSION = com.apple.compilers.llvm.clang.1_0;
				GCC_WARN_ABOUT_RETURN_TYPE = YES;
				GCC_WARN_UNINITIALIZED_AUTOS = YES;
				GCC_WARN_UNUSED_VARIABLE = YES;
				IPHONEOS_DEPLOYMENT_TARGET = 5.1;
				SDKROOT = iphoneos;
			};
			name = Debug;
		};
		84D55E9C16E20AB500D11B6D /* Release */ = {
			isa = XCBuildConfiguration;
			buildSettings = {
				ALWAYS_SEARCH_USER_PATHS = NO;
				ARCHS = "$(ARCHS_STANDARD_32_BIT)";
				CLANG_ENABLE_OBJC_ARC = YES;
				"CODE_SIGN_IDENTITY[sdk=iphoneos*]" = "iPhone Developer";
				COPY_PHASE_STRIP = YES;
				GCC_C_LANGUAGE_STANDARD = gnu99;
				GCC_VERSION = com.apple.compilers.llvm.clang.1_0;
				GCC_WARN_ABOUT_RETURN_TYPE = YES;
				GCC_WARN_UNINITIALIZED_AUTOS = YES;
				GCC_WARN_UNUSED_VARIABLE = YES;
				IPHONEOS_DEPLOYMENT_TARGET = 5.1;
				OTHER_CFLAGS = "-DNS_BLOCK_ASSERTIONS=1";
				SDKROOT = iphoneos;
				VALIDATE_PRODUCT = YES;
			};
			name = Release;
		};
		84D55E9E16E20AB500D11B6D /* Debug */ = {
			isa = XCBuildConfiguration;
			buildSettings = {
				GCC_PRECOMPILE_PREFIX_HEADER = YES;
				GCC_PREFIX_HEADER = "DayNineteen/DayNineteen-Prefix.pch";
				INFOPLIST_FILE = "DayNineteen/DayNineteen-Info.plist";
				PRODUCT_NAME = "$(TARGET_NAME)";
				WRAPPER_EXTENSION = app;
			};
			name = Debug;
		};
		84D55E9F16E20AB500D11B6D /* Release */ = {
			isa = XCBuildConfiguration;
			buildSettings = {
				GCC_PRECOMPILE_PREFIX_HEADER = YES;
				GCC_PREFIX_HEADER = "DayNineteen/DayNineteen-Prefix.pch";
				INFOPLIST_FILE = "DayNineteen/DayNineteen-Info.plist";
				PRODUCT_NAME = "$(TARGET_NAME)";
				WRAPPER_EXTENSION = app;
			};
			name = Release;
		};
/* End XCBuildConfiguration section */

/* Begin XCConfigurationList section */
		84D55E7916E20AB500D11B6D /* Build configuration list for PBXProject "DayNineteen" */ = {
			isa = XCConfigurationList;
			buildConfigurations = (
				84D55E9B16E20AB500D11B6D /* Debug */,
				84D55E9C16E20AB500D11B6D /* Release */,
			);
			defaultConfigurationIsVisible = 0;
			defaultConfigurationName = Release;
		};
		84D55E9D16E20AB500D11B6D /* Build configuration list for PBXNativeTarget "DayNineteen" */ = {
			isa = XCConfigurationList;
			buildConfigurations = (
				84D55E9E16E20AB500D11B6D /* Debug */,
				84D55E9F16E20AB500D11B6D /* Release */,
			);
			defaultConfigurationIsVisible = 0;
		};
/* End XCConfigurationList section */
	};
	rootObject = 84D55E7616E20AB500D11B6D /* Project object */;
}
